
Microsoft Visual Studio Solution File, Format Version 11.00
# Visual Studio 2010
Project("{FAE04EC0-301F-11D3-BF4B-00C04F79EFBC}") = "MARVIN", "Assembly-CSharp.csproj", "{A6D6A65E-513B-6473-388E-0AB622C76ECE}"
EndProject
Project("{FAE04EC0-301F-11D3-BF4B-00C04F79EFBC}") = "MARVIN", "Assembly-CSharp-Editor.csproj", "{338C3C4F-AA58-4925-7202-EF62B2DD29A9}"
EndProject
Project("{FAE04EC0-301F-11D3-BF4B-00C04F79EFBC}") = "MARVIN", "Assembly-CSharp-Editor-firstpass.csproj", "{D10CBF03-EF98-8A4D-C9AA-89F9B0270E7B}"
EndProject
Global
	GlobalSection(SolutionConfigurationPlatforms) = preSolution
		Debug|Any CPU = Debug|Any CPU
		Release|Any CPU = Release|Any CPU
	EndGlobalSection
	GlobalSection(ProjectConfigurationPlatforms) = postSolution
		{A6D6A65E-513B-6473-388E-0AB622C76ECE}.Debug|Any CPU.ActiveCfg = Debug|Any CPU
		{A6D6A65E-513B-6473-388E-0AB622C76ECE}.Debug|Any CPU.Build.0 = Debug|Any CPU
		{A6D6A65E-513B-6473-388E-0AB622C76ECE}.Release|Any CPU.ActiveCfg = Release|Any CPU
		{A6D6A65E-513B-6473-388E-0AB622C76ECE}.Release|Any CPU.Build.0 = Release|Any CPU
		{338C3C4F-AA58-4925-7202-EF62B2DD29A9}.Debug|Any CPU.ActiveCfg = Debug|Any CPU
		{338C3C4F-AA58-4925-7202-EF62B2DD29A9}.Debug|Any CPU.Build.0 = Debug|Any CPU
		{338C3C4F-AA58-4925-7202-EF62B2DD29A9}.Release|Any CPU.ActiveCfg = Release|Any CPU
		{338C3C4F-AA58-4925-7202-EF62B2DD29A9}.Release|Any CPU.Build.0 = Release|Any CPU
		{D10CBF03-EF98-8A4D-C9AA-89F9B0270E7B}.Debug|Any CPU.ActiveCfg = Debug|Any CPU
		{D10CBF03-EF98-8A4D-C9AA-89F9B0270E7B}.Debug|Any CPU.Build.0 = Debug|Any CPU
		{D10CBF03-EF98-8A4D-C9AA-89F9B0270E7B}.Release|Any CPU.ActiveCfg = Release|Any CPU
		{D10CBF03-EF98-8A4D-C9AA-89F9B0270E7B}.Release|Any CPU.Build.0 = Release|Any CPU
	EndGlobalSection
	GlobalSection(SolutionProperties) = preSolution
		HideSolutionNode = FALSE
	EndGlobalSection
	GlobalSection(MonoDevelopProperties) = preSolution
		StartupItem = Assembly-CSharp.csproj
	EndGlobalSection
EndGlobal
